
Microsoft Visual Studio Solution File, Format Version 12.00
# Visual Studio Version 17
VisualStudioVersion = 17.5.002.0
MinimumVisualStudioVersion = 10.0.40219.1
Project("{9A19103F-16F7-4668-BE54-9A1E7A4F7556}") = "pc1", "pc1.csproj", "{FBE71152-39E6-4178-BA68-645E7F87AE02}"
EndProject
Global
	GlobalSection(SolutionConfigurationPlatforms) = preSolution
		Debug|Any CPU = Debug|Any CPU
		Release|Any CPU = Release|Any CPU
	EndGlobalSection
	GlobalSection(ProjectConfigurationPlatforms) = postSolution
		{FBE71152-39E6-4178-BA68-645E7F87AE02}.Debug|Any CPU.ActiveCfg = Debug|Any CPU
		{FBE71152-39E6-4178-BA68-645E7F87AE02}.Debug|Any CPU.Build.0 = Debug|Any CPU
		{FBE71152-39E6-4178-BA68-645E7F87AE02}.Release|Any CPU.ActiveCfg = Release|Any CPU
		{FBE71152-39E6-4178-BA68-645E7F87AE02}.Release|Any CPU.Build.0 = Release|Any CPU
	EndGlobalSection
	GlobalSection(SolutionProperties) = preSolution
		HideSolutionNode = FALSE
	EndGlobalSection
	GlobalSection(ExtensibilityGlobals) = postSolution
		SolutionGuid = {588BA889-790D-4502-9948-526C65DA1B79}
	EndGlobalSection
EndGlobal
